// !$*UTF8*$!
{
	archiveVersion = 1;
	classes = {
	};
	objectVersion = 46;
	objects = {

/* Begin PBXBuildFile section */
		DA8720091A075C0000BC75FD /* main.m in Sources */ = {isa = PBXBuildFile; fileRef = DA8720081A075C0000BC75FD /* main.m */; };
		DA87200C1A075C0000BC75FD /* AppDelegate.m in Sources */ = {isa = PBXBuildFile; fileRef = DA87200B1A075C0000BC75FD /* AppDelegate.m */; };
		DA87200F1A075C0000BC75FD /* ViewController.m in Sources */ = {isa = PBXBuildFile; fileRef = DA87200E1A075C0000BC75FD /* ViewController.m */; };
		DA8720121A075C0000BC75FD /* Main.storyboard in Resources */ = {isa = PBXBuildFile; fileRef = DA8720101A075C0000BC75FD /* Main.storyboard */; };
		DA8720141A075C0000BC75FD /* Images.xcassets in Resources */ = {isa = PBXBuildFile; fileRef = DA8720131A075C0000BC75FD /* Images.xcassets */; };
		DA8720171A075C0000BC75FD /* LaunchScreen.xib in Resources */ = {isa = PBXBuildFile; fileRef = DA8720151A075C0000BC75FD /* LaunchScreen.xib */; };
		DA8720231A075C0100BC75FD /* BaseTableViewDemoTests.m in Sources */ = {isa = PBXBuildFile; fileRef = DA8720221A075C0100BC75FD /* BaseTableViewDemoTests.m */; };
		DA8720331A075C5300BC75FD /* BaseTableView.m in Sources */ = {isa = PBXBuildFile; fileRef = DA87202E1A075C5300BC75FD /* BaseTableView.m */; };
		DA8720341A075C5300BC75FD /* SectionHeaderView.m in Sources */ = {isa = PBXBuildFile; fileRef = DA8720301A075C5300BC75FD /* SectionHeaderView.m */; };
		DA8720351A075C5300BC75FD /* SectionHeaderViewValueContext.m in Sources */ = {isa = PBXBuildFile; fileRef = DA8720321A075C5300BC75FD /* SectionHeaderViewValueContext.m */; };
		DA8720471A075E1100BC75FD /* EGORefreshTableHeaderView.m in Sources */ = {isa = PBXBuildFile; fileRef = DA87203D1A075E1100BC75FD /* EGORefreshTableHeaderView.m */; settings = {COMPILER_FLAGS = "-fno-objc-arc"; }; };
		DA8720481A075E1100BC75FD /* blackArrow.png in Resources */ = {isa = PBXBuildFile; fileRef = DA87203F1A075E1100BC75FD /* blackArrow.png */; };
		DA8720491A075E1100BC75FD /* blackArrow@2x.png in Resources */ = {isa = PBXBuildFile; fileRef = DA8720401A075E1100BC75FD /* blackArrow@2x.png */; };
		DA87204A1A075E1100BC75FD /* blueArrow.png in Resources */ = {isa = PBXBuildFile; fileRef = DA8720411A075E1100BC75FD /* blueArrow.png */; };
		DA87204B1A075E1100BC75FD /* blueArrow@2x.png in Resources */ = {isa = PBXBuildFile; fileRef = DA8720421A075E1100BC75FD /* blueArrow@2x.png */; };
		DA87204C1A075E1100BC75FD /* grayArrow.png in Resources */ = {isa = PBXBuildFile; fileRef = DA8720431A075E1100BC75FD /* grayArrow.png */; };
		DA87204D1A075E1100BC75FD /* grayArrow@2x.png in Resources */ = {isa = PBXBuildFile; fileRef = DA8720441A075E1100BC75FD /* grayArrow@2x.png */; };
		DA87204E1A075E1100BC75FD /* whiteArrow.png in Resources */ = {isa = PBXBuildFile; fileRef = DA8720451A075E1100BC75FD /* whiteArrow.png */; };
		DA87204F1A075E1100BC75FD /* whiteArrow@2x.png in Resources */ = {isa = PBXBuildFile; fileRef = DA8720461A075E1100BC75FD /* whiteArrow@2x.png */; };
		DA8720561A07603300BC75FD /* EmptyCell.m in Sources */ = {isa = PBXBuildFile; fileRef = DA8720551A07603300BC75FD /* EmptyCell.m */; };
		DAE4F4B51A4001930030485D /* MappingListModel.m in Sources */ = {isa = PBXBuildFile; fileRef = DAE4F4B41A4001930030485D /* MappingListModel.m */; };
/* End PBXBuildFile section */

/* Begin PBXContainerItemProxy section */
		DA87201D1A075C0000BC75FD /* PBXContainerItemProxy */ = {
			isa = PBXContainerItemProxy;
			containerPortal = DA871FFB1A075C0000BC75FD /* Project object */;
			proxyType = 1;
			remoteGlobalIDString = DA8720021A075C0000BC75FD;
			remoteInfo = BaseTableViewDemo;
		};
/* End PBXContainerItemProxy section */

/* Begin PBXFileReference section */
		DA8720031A075C0000BC75FD /* BaseTableViewDemo.app */ = {isa = PBXFileReference; explicitFileType = wrapper.application; includeInIndex = 0; path = BaseTableViewDemo.app; sourceTree = BUILT_PRODUCTS_DIR; };
		DA8720071A075C0000BC75FD /* Info.plist */ = {isa = PBXFileReference; lastKnownFileType = text.plist.xml; path = Info.plist; sourceTree = "<group>"; };
		DA8720081A075C0000BC75FD /* main.m */ = {isa = PBXFileReference; lastKnownFileType = sourcecode.c.objc; path = main.m; sourceTree = "<group>"; };
		DA87200A1A075C0000BC75FD /* AppDelegate.h */ = {isa = PBXFileReference; lastKnownFileType = sourcecode.c.h; path = AppDelegate.h; sourceTree = "<group>"; };
		DA87200B1A075C0000BC75FD /* AppDelegate.m */ = {isa = PBXFileReference; lastKnownFileType = sourcecode.c.objc; path = AppDelegate.m; sourceTree = "<group>"; };
		DA87200D1A075C0000BC75FD /* ViewController.h */ = {isa = PBXFileReference; lastKnownFileType = sourcecode.c.h; path = ViewController.h; sourceTree = "<group>"; };
		DA87200E1A075C0000BC75FD /* ViewController.m */ = {isa = PBXFileReference; lastKnownFileType = sourcecode.c.objc; path = ViewController.m; sourceTree = "<group>"; };
		DA8720111A075C0000BC75FD /* Base */ = {isa = PBXFileReference; lastKnownFileType = file.storyboard; name = Base; path = Base.lproj/Main.storyboard; sourceTree = "<group>"; };
		DA8720131A075C0000BC75FD /* Images.xcassets */ = {isa = PBXFileReference; lastKnownFileType = folder.assetcatalog; path = Images.xcassets; sourceTree = "<group>"; };
		DA8720161A075C0000BC75FD /* Base */ = {isa = PBXFileReference; lastKnownFileType = file.xib; name = Base; path = Base.lproj/LaunchScreen.xib; sourceTree = "<group>"; };
		DA87201C1A075C0000BC75FD /* BaseTableViewDemoTests.xctest */ = {isa = PBXFileReference; explicitFileType = wrapper.cfbundle; includeInIndex = 0; path = BaseTableViewDemoTests.xctest; sourceTree = BUILT_PRODUCTS_DIR; };
		DA8720211A075C0100BC75FD /* Info.plist */ = {isa = PBXFileReference; lastKnownFileType = text.plist.xml; path = Info.plist; sourceTree = "<group>"; };
		DA8720221A075C0100BC75FD /* BaseTableViewDemoTests.m */ = {isa = PBXFileReference; lastKnownFileType = sourcecode.c.objc; path = BaseTableViewDemoTests.m; sourceTree = "<group>"; };
		DA87202D1A075C5300BC75FD /* BaseTableView.h */ = {isa = PBXFileReference; fileEncoding = 4; lastKnownFileType = sourcecode.c.h; path = BaseTableView.h; sourceTree = "<group>"; };
		DA87202E1A075C5300BC75FD /* BaseTableView.m */ = {isa = PBXFileReference; fileEncoding = 4; lastKnownFileType = sourcecode.c.objc; path = BaseTableView.m; sourceTree = "<group>"; };
		DA87202F1A075C5300BC75FD /* SectionHeaderView.h */ = {isa = PBXFileReference; fileEncoding = 4; lastKnownFileType = sourcecode.c.h; path = SectionHeaderView.h; sourceTree = "<group>"; };
		DA8720301A075C5300BC75FD /* SectionHeaderView.m */ = {isa = PBXFileReference; fileEncoding = 4; lastKnownFileType = sourcecode.c.objc; path = SectionHeaderView.m; sourceTree = "<group>"; };
		DA8720311A075C5300BC75FD /* SectionHeaderViewValueContext.h */ = {isa = PBXFileReference; fileEncoding = 4; lastKnownFileType = sourcecode.c.h; path = SectionHeaderViewValueContext.h; sourceTree = "<group>"; };
		DA8720321A075C5300BC75FD /* SectionHeaderViewValueContext.m */ = {isa = PBXFileReference; fileEncoding = 4; lastKnownFileType = sourcecode.c.objc; path = SectionHeaderViewValueContext.m; sourceTree = "<group>"; };
		DA87203C1A075E1100BC75FD /* EGORefreshTableHeaderView.h */ = {isa = PBXFileReference; fileEncoding = 4; lastKnownFileType = sourcecode.c.h; path = EGORefreshTableHeaderView.h; sourceTree = "<group>"; };
		DA87203D1A075E1100BC75FD /* EGORefreshTableHeaderView.m */ = {isa = PBXFileReference; fileEncoding = 4; lastKnownFileType = sourcecode.c.objc; path = EGORefreshTableHeaderView.m; sourceTree = "<group>"; };
		DA87203F1A075E1100BC75FD /* blackArrow.png */ = {isa = PBXFileReference; lastKnownFileType = image.png; path = blackArrow.png; sourceTree = "<group>"; };
		DA8720401A075E1100BC75FD /* blackArrow@2x.png */ = {isa = PBXFileReference; lastKnownFileType = image.png; path = "blackArrow@2x.png"; sourceTree = "<group>"; };
		DA8720411A075E1100BC75FD /* blueArrow.png */ = {isa = PBXFileReference; lastKnownFileType = image.png; path = blueArrow.png; sourceTree = "<group>"; };
		DA8720421A075E1100BC75FD /* blueArrow@2x.png */ = {isa = PBXFileReference; lastKnownFileType = image.png; path = "blueArrow@2x.png"; sourceTree = "<group>"; };
		DA8720431A075E1100BC75FD /* grayArrow.png */ = {isa = PBXFileReference; lastKnownFileType = image.png; path = grayArrow.png; sourceTree = "<group>"; };
		DA8720441A075E1100BC75FD /* grayArrow@2x.png */ = {isa = PBXFileReference; lastKnownFileType = image.png; path = "grayArrow@2x.png"; sourceTree = "<group>"; };
		DA8720451A075E1100BC75FD /* whiteArrow.png */ = {isa = PBXFileReference; lastKnownFileType = image.png; path = whiteArrow.png; sourceTree = "<group>"; };
		DA8720461A075E1100BC75FD /* whiteArrow@2x.png */ = {isa = PBXFileReference; lastKnownFileType = image.png; path = "whiteArrow@2x.png"; sourceTree = "<group>"; };
		DA8720541A07603300BC75FD /* EmptyCell.h */ = {isa = PBXFileReference; fileEncoding = 4; lastKnownFileType = sourcecode.c.h; path = EmptyCell.h; sourceTree = "<group>"; };
		DA8720551A07603300BC75FD /* EmptyCell.m */ = {isa = PBXFileReference; fileEncoding = 4; lastKnownFileType = sourcecode.c.objc; path = EmptyCell.m; sourceTree = "<group>"; };
		DAE4F4B31A4001930030485D /* MappingListModel.h */ = {isa = PBXFileReference; fileEncoding = 4; lastKnownFileType = sourcecode.c.h; path = MappingListModel.h; sourceTree = "<group>"; };
		DAE4F4B41A4001930030485D /* MappingListModel.m */ = {isa = PBXFileReference; fileEncoding = 4; lastKnownFileType = sourcecode.c.objc; path = MappingListModel.m; sourceTree = "<group>"; };
/* End PBXFileReference section */

/* Begin PBXFrameworksBuildPhase section */
		DA8720001A075C0000BC75FD /* Frameworks */ = {
			isa = PBXFrameworksBuildPhase;
			buildActionMask = 2147483647;
			files = (
			);
			runOnlyForDeploymentPostprocessing = 0;
		};
		DA8720191A075C0000BC75FD /* Frameworks */ = {
			isa = PBXFrameworksBuildPhase;
			buildActionMask = 2147483647;
			files = (
			);
			runOnlyForDeploymentPostprocessing = 0;
		};
/* End PBXFrameworksBuildPhase section */

/* Begin PBXGroup section */
		DA871FFA1A075C0000BC75FD = {
			isa = PBXGroup;
			children = (
				DA8720051A075C0000BC75FD /* BaseTableViewDemo */,
				DA87201F1A075C0100BC75FD /* BaseTableViewDemoTests */,
				DA8720041A075C0000BC75FD /* Products */,
			);
			sourceTree = "<group>";
		};
		DA8720041A075C0000BC75FD /* Products */ = {
			isa = PBXGroup;
			children = (
				DA8720031A075C0000BC75FD /* BaseTableViewDemo.app */,
				DA87201C1A075C0000BC75FD /* BaseTableViewDemoTests.xctest */,
			);
			name = Products;
			sourceTree = "<group>";
		};
		DA8720051A075C0000BC75FD /* BaseTableViewDemo */ = {
			isa = PBXGroup;
			children = (
				DA8720391A075E1100BC75FD /* EGOTableViewPullRefresh */,
				DA87202C1A075C5300BC75FD /* TableView */,
				DA87200A1A075C0000BC75FD /* AppDelegate.h */,
				DA87200B1A075C0000BC75FD /* AppDelegate.m */,
				DA87200D1A075C0000BC75FD /* ViewController.h */,
				DA87200E1A075C0000BC75FD /* ViewController.m */,
				DAE4F4B31A4001930030485D /* MappingListModel.h */,
				DAE4F4B41A4001930030485D /* MappingListModel.m */,
				DA8720101A075C0000BC75FD /* Main.storyboard */,
				DA8720131A075C0000BC75FD /* Images.xcassets */,
				DA8720151A075C0000BC75FD /* LaunchScreen.xib */,
				DA8720061A075C0000BC75FD /* Supporting Files */,
			);
			path = BaseTableViewDemo;
			sourceTree = "<group>";
		};
		DA8720061A075C0000BC75FD /* Supporting Files */ = {
			isa = PBXGroup;
			children = (
				DA8720071A075C0000BC75FD /* Info.plist */,
				DA8720081A075C0000BC75FD /* main.m */,
			);
			name = "Supporting Files";
			sourceTree = "<group>";
		};
		DA87201F1A075C0100BC75FD /* BaseTableViewDemoTests */ = {
			isa = PBXGroup;
			children = (
				DA8720221A075C0100BC75FD /* BaseTableViewDemoTests.m */,
				DA8720201A075C0100BC75FD /* Supporting Files */,
			);
			path = BaseTableViewDemoTests;
			sourceTree = "<group>";
		};
		DA8720201A075C0100BC75FD /* Supporting Files */ = {
			isa = PBXGroup;
			children = (
				DA8720211A075C0100BC75FD /* Info.plist */,
			);
			name = "Supporting Files";
			sourceTree = "<group>";
		};
		DA87202C1A075C5300BC75FD /* TableView */ = {
			isa = PBXGroup;
			children = (
				DA87202D1A075C5300BC75FD /* BaseTableView.h */,
				DA87202E1A075C5300BC75FD /* BaseTableView.m */,
				DA87202F1A075C5300BC75FD /* SectionHeaderView.h */,
				DA8720301A075C5300BC75FD /* SectionHeaderView.m */,
				DA8720311A075C5300BC75FD /* SectionHeaderViewValueContext.h */,
				DA8720321A075C5300BC75FD /* SectionHeaderViewValueContext.m */,
				DA8720541A07603300BC75FD /* EmptyCell.h */,
				DA8720551A07603300BC75FD /* EmptyCell.m */,
			);
			path = TableView;
			sourceTree = "<group>";
		};
		DA8720391A075E1100BC75FD /* EGOTableViewPullRefresh */ = {
			isa = PBXGroup;
			children = (
				DA87203A1A075E1100BC75FD /* Classes */,
				DA87203E1A075E1100BC75FD /* Resources */,
			);
			path = EGOTableViewPullRefresh;
			sourceTree = "<group>";
		};
		DA87203A1A075E1100BC75FD /* Classes */ = {
			isa = PBXGroup;
			children = (
				DA87203B1A075E1100BC75FD /* View */,
			);
			path = Classes;
			sourceTree = "<group>";
		};
		DA87203B1A075E1100BC75FD /* View */ = {
			isa = PBXGroup;
			children = (
				DA87203C1A075E1100BC75FD /* EGORefreshTableHeaderView.h */,
				DA87203D1A075E1100BC75FD /* EGORefreshTableHeaderView.m */,
			);
			path = View;
			sourceTree = "<group>";
		};
		DA87203E1A075E1100BC75FD /* Resources */ = {
			isa = PBXGroup;
			children = (
				DA87203F1A075E1100BC75FD /* blackArrow.png */,
				DA8720401A075E1100BC75FD /* blackArrow@2x.png */,
				DA8720411A075E1100BC75FD /* blueArrow.png */,
				DA8720421A075E1100BC75FD /* blueArrow@2x.png */,
				DA8720431A075E1100BC75FD /* grayArrow.png */,
				DA8720441A075E1100BC75FD /* grayArrow@2x.png */,
				DA8720451A075E1100BC75FD /* whiteArrow.png */,
				DA8720461A075E1100BC75FD /* whiteArrow@2x.png */,
			);
			path = Resources;
			sourceTree = "<group>";
		};
/* End PBXGroup section */

/* Begin PBXNativeTarget section */
		DA8720021A075C0000BC75FD /* BaseTableViewDemo */ = {
			isa = PBXNativeTarget;
			buildConfigurationList = DA8720261A075C0100BC75FD /* Build configuration list for PBXNativeTarget "BaseTableViewDemo" */;
			buildPhases = (
				DA871FFF1A075C0000BC75FD /* Sources */,
				DA8720001A075C0000BC75FD /* Frameworks */,
				DA8720011A075C0000BC75FD /* Resources */,
			);
			buildRules = (
			);
			dependencies = (
			);
			name = BaseTableViewDemo;
			productName = BaseTableViewDemo;
			productReference = DA8720031A075C0000BC75FD /* BaseTableViewDemo.app */;
			productType = "com.apple.product-type.application";
		};
		DA87201B1A075C0000BC75FD /* BaseTableViewDemoTests */ = {
			isa = PBXNativeTarget;
			buildConfigurationList = DA8720291A075C0100BC75FD /* Build configuration list for PBXNativeTarget "BaseTableViewDemoTests" */;
			buildPhases = (
				DA8720181A075C0000BC75FD /* Sources */,
				DA8720191A075C0000BC75FD /* Frameworks */,
				DA87201A1A075C0000BC75FD /* Resources */,
			);
			buildRules = (
			);
			dependencies = (
				DA87201E1A075C0000BC75FD /* PBXTargetDependency */,
			);
			name = BaseTableViewDemoTests;
			productName = BaseTableViewDemoTests;
			productReference = DA87201C1A075C0000BC75FD /* BaseTableViewDemoTests.xctest */;
			productType = "com.apple.product-type.bundle.unit-test";
		};
/* End PBXNativeTarget section */

/* Begin PBXProject section */
		DA871FFB1A075C0000BC75FD /* Project object */ = {
			isa = PBXProject;
			attributes = {
				LastUpgradeCheck = 0610;
				ORGANIZATIONNAME = liuxudong;
				TargetAttributes = {
					DA8720021A075C0000BC75FD = {
						CreatedOnToolsVersion = 6.1;
					};
					DA87201B1A075C0000BC75FD = {
						CreatedOnToolsVersion = 6.1;
						TestTargetID = DA8720021A075C0000BC75FD;
					};
				};
			};
			buildConfigurationList = DA871FFE1A075C0000BC75FD /* Build configuration list for PBXProject "BaseTableViewDemo" */;
			compatibilityVersion = "Xcode 3.2";
			developmentRegion = English;
			hasScannedForEncodings = 0;
			knownRegions = (
				en,
				Base,
			);
			mainGroup = DA871FFA1A075C0000BC75FD;
			productRefGroup = DA8720041A075C0000BC75FD /* Products */;
			projectDirPath = "";
			projectRoot = "";
			targets = (
				DA8720021A075C0000BC75FD /* BaseTableViewDemo */,
				DA87201B1A075C0000BC75FD /* BaseTableViewDemoTests */,
			);
		};
/* End PBXProject section */

/* Begin PBXResourcesBuildPhase section */
		DA8720011A075C0000BC75FD /* Resources */ = {
			isa = PBXResourcesBuildPhase;
			buildActionMask = 2147483647;
			files = (
				DA8720121A075C0000BC75FD /* Main.storyboard in Resources */,
				DA8720481A075E1100BC75FD /* blackArrow.png in Resources */,
				DA8720171A075C0000BC75FD /* LaunchScreen.xib in Resources */,
				DA87204F1A075E1100BC75FD /* whiteArrow@2x.png in Resources */,
				DA87204D1A075E1100BC75FD /* grayArrow@2x.png in Resources */,
				DA87204B1A075E1100BC75FD /* blueArrow@2x.png in Resources */,
				DA87204A1A075E1100BC75FD /* blueArrow.png in Resources */,
				DA8720491A075E1100BC75FD /* blackArrow@2x.png in Resources */,
				DA87204E1A075E1100BC75FD /* whiteArrow.png in Resources */,
				DA87204C1A075E1100BC75FD /* grayArrow.png in Resources */,
				DA8720141A075C0000BC75FD /* Images.xcassets in Resources */,
			);
			runOnlyForDeploymentPostprocessing = 0;
		};
		DA87201A1A075C0000BC75FD /* Resources */ = {
			isa = PBXResourcesBuildPhase;
			buildActionMask = 2147483647;
			files = (
			);
			runOnlyForDeploymentPostprocessing = 0;
		};
/* End PBXResourcesBuildPhase section */

/* Begin PBXSourcesBuildPhase section */
		DA871FFF1A075C0000BC75FD /* Sources */ = {
			isa = PBXSourcesBuildPhase;
			buildActionMask = 2147483647;
			files = (
				DA8720331A075C5300BC75FD /* BaseTableView.m in Sources */,
				DA87200F1A075C0000BC75FD /* ViewController.m in Sources */,
				DA8720561A07603300BC75FD /* EmptyCell.m in Sources */,
				DA87200C1A075C0000BC75FD /* AppDelegate.m in Sources */,
				DA8720351A075C5300BC75FD /* SectionHeaderViewValueContext.m in Sources */,
				DA8720471A075E1100BC75FD /* EGORefreshTableHeaderView.m in Sources */,
				DAE4F4B51A4001930030485D /* MappingListModel.m in Sources */,
				DA8720341A075C5300BC75FD /* SectionHeaderView.m in Sources */,
				DA8720091A075C0000BC75FD /* main.m in Sources */,
			);
			runOnlyForDeploymentPostprocessing = 0;
		};
		DA8720181A075C0000BC75FD /* Sources */ = {
			isa = PBXSourcesBuildPhase;
			buildActionMask = 2147483647;
			files = (
				DA8720231A075C0100BC75FD /* BaseTableViewDemoTests.m in Sources */,
			);
			runOnlyForDeploymentPostprocessing = 0;
		};
/* End PBXSourcesBuildPhase section */

/* Begin PBXTargetDependency section */
		DA87201E1A075C0000BC75FD /* PBXTargetDependency */ = {
			isa = PBXTargetDependency;
			target = DA8720021A075C0000BC75FD /* BaseTableViewDemo */;
			targetProxy = DA87201D1A075C0000BC75FD /* PBXContainerItemProxy */;
		};
/* End PBXTargetDependency section */

/* Begin PBXVariantGroup section */
		DA8720101A075C0000BC75FD /* Main.storyboard */ = {
			isa = PBXVariantGroup;
			children = (
				DA8720111A075C0000BC75FD /* Base */,
			);
			name = Main.storyboard;
			sourceTree = "<group>";
		};
		DA8720151A075C0000BC75FD /* LaunchScreen.xib */ = {
			isa = PBXVariantGroup;
			children = (
				DA8720161A075C0000BC75FD /* Base */,
			);
			name = LaunchScreen.xib;
			sourceTree = "<group>";
		};
/* End PBXVariantGroup section */

/* Begin XCBuildConfiguration section */
		DA8720241A075C0100BC75FD /* Debug */ = {
			isa = XCBuildConfiguration;
			buildSettings = {
				ALWAYS_SEARCH_USER_PATHS = NO;
				CLANG_CXX_LANGUAGE_STANDARD = "gnu++0x";
				CLANG_CXX_LIBRARY = "libc++";
				CLANG_ENABLE_MODULES = YES;
				CLANG_ENABLE_OBJC_ARC = YES;
				CLANG_WARN_BOOL_CONVERSION = YES;
				CLANG_WARN_CONSTANT_CONVERSION = YES;
				CLANG_WARN_DIRECT_OBJC_ISA_USAGE = YES_ERROR;
				CLANG_WARN_EMPTY_BODY = YES;
				CLANG_WARN_ENUM_CONVERSION = YES;
				CLANG_WARN_INT_CONVERSION = YES;
				CLANG_WARN_OBJC_ROOT_CLASS = YES_ERROR;
				CLANG_WARN_UNREACHABLE_CODE = YES;
				CLANG_WARN__DUPLICATE_METHOD_MATCH = YES;
				"CODE_SIGN_IDENTITY[sdk=iphoneos*]" = "iPhone Developer";
				COPY_PHASE_STRIP = NO;
				ENABLE_STRICT_OBJC_MSGSEND = YES;
				GCC_C_LANGUAGE_STANDARD = gnu99;
				GCC_DYNAMIC_NO_PIC = NO;
				GCC_OPTIMIZATION_LEVEL = 0;
				GCC_PREPROCESSOR_DEFINITIONS = (
					"DEBUG=1",
					"$(inherited)",
				);
				GCC_SYMBOLS_PRIVATE_EXTERN = NO;
				GCC_WARN_64_TO_32_BIT_CONVERSION = YES;
				GCC_WARN_ABOUT_RETURN_TYPE = YES_ERROR;
				GCC_WARN_UNDECLARED_SELECTOR = YES;
				GCC_WARN_UNINITIALIZED_AUTOS = YES_AGGRESSIVE;
				GCC_WARN_UNUSED_FUNCTION = YES;
				GCC_WARN_UNUSED_VARIABLE = YES;
				IPHONEOS_DEPLOYMENT_TARGET = 8.1;
				MTL_ENABLE_DEBUG_INFO = YES;
				ONLY_ACTIVE_ARCH = YES;
				SDKROOT = iphoneos;
			};
			name = Debug;
		};
		DA8720251A075C0100BC75FD /* Release */ = {
			isa = XCBuildConfiguration;
			buildSettings = {
				ALWAYS_SEARCH_USER_PATHS = NO;
				CLANG_CXX_LANGUAGE_STANDARD = "gnu++0x";
				CLANG_CXX_LIBRARY = "libc++";
				CLANG_ENABLE_MODULES = YES;
				CLANG_ENABLE_OBJC_ARC = YES;
				CLANG_WARN_BOOL_CONVERSION = YES;
				CLANG_WARN_CONSTANT_CONVERSION = YES;
				CLANG_WARN_DIRECT_OBJC_ISA_USAGE = YES_ERROR;
				CLANG_WARN_EMPTY_BODY = YES;
				CLANG_WARN_ENUM_CONVERSION = YES;
				CLANG_WARN_INT_CONVERSION = YES;
				CLANG_WARN_OBJC_ROOT_CLASS = YES_ERROR;
				CLANG_WARN_UNREACHABLE_CODE = YES;
				CLANG_WARN__DUPLICATE_METHOD_MATCH = YES;
				"CODE_SIGN_IDENTITY[sdk=iphoneos*]" = "iPhone Developer";
				COPY_PHASE_STRIP = YES;
				ENABLE_NS_ASSERTIONS = NO;
				ENABLE_STRICT_OBJC_MSGSEND = YES;
				GCC_C_LANGUAGE_STANDARD = gnu99;
				GCC_WARN_64_TO_32_BIT_CONVERSION = YES;
				GCC_WARN_ABOUT_RETURN_TYPE = YES_ERROR;
				GCC_WARN_UNDECLARED_SELECTOR = YES;
				GCC_WARN_UNINITIALIZED_AUTOS = YES_AGGRESSIVE;
				GCC_WARN_UNUSED_FUNCTION = YES;
				GCC_WARN_UNUSED_VARIABLE = YES;
				IPHONEOS_DEPLOYMENT_TARGET = 8.1;
				MTL_ENABLE_DEBUG_INFO = NO;
				SDKROOT = iphoneos;
				VALIDATE_PRODUCT = YES;
			};
			name = Release;
		};
		DA8720271A075C0100BC75FD /* Debug */ = {
			isa = XCBuildConfiguration;
			buildSettings = {
				ASSETCATALOG_COMPILER_APPICON_NAME = AppIcon;
				INFOPLIST_FILE = BaseTableViewDemo/Info.plist;
				LD_RUNPATH_SEARCH_PATHS = "$(inherited) @executable_path/Frameworks";
				PRODUCT_NAME = "$(TARGET_NAME)";
			};
			name = Debug;
		};
		DA8720281A075C0100BC75FD /* Release */ = {
			isa = XCBuildConfiguration;
			buildSettings = {
				ASSETCATALOG_COMPILER_APPICON_NAME = AppIcon;
				INFOPLIST_FILE = BaseTableViewDemo/Info.plist;
				LD_RUNPATH_SEARCH_PATHS = "$(inherited) @executable_path/Frameworks";
				PRODUCT_NAME = "$(TARGET_NAME)";
			};
			name = Release;
		};
		DA87202A1A075C0100BC75FD /* Debug */ = {
			isa = XCBuildConfiguration;
			buildSettings = {
				BUNDLE_LOADER = "$(TEST_HOST)";
				FRAMEWORK_SEARCH_PATHS = (
					"$(SDKROOT)/Developer/Library/Frameworks",
					"$(inherited)",
				);
				GCC_PREPROCESSOR_DEFINITIONS = (
					"DEBUG=1",
					"$(inherited)",
				);
				INFOPLIST_FILE = BaseTableViewDemoTests/Info.plist;
				LD_RUNPATH_SEARCH_PATHS = "$(inherited) @executable_path/Frameworks @loader_path/Frameworks";
				PRODUCT_NAME = "$(TARGET_NAME)";
				TEST_HOST = "$(BUILT_PRODUCTS_DIR)/BaseTableViewDemo.app/BaseTableViewDemo";
			};
			name = Debug;
		};
		DA87202B1A075C0100BC75FD /* Release */ = {
			isa = XCBuildConfiguration;
			buildSettings = {
				BUNDLE_LOADER = "$(TEST_HOST)";
				FRAMEWORK_SEARCH_PATHS = (
					"$(SDKROOT)/Developer/Library/Frameworks",
					"$(inherited)",
				);
				INFOPLIST_FILE = BaseTableViewDemoTests/Info.plist;
				LD_RUNPATH_SEARCH_PATHS = "$(inherited) @executable_path/Frameworks @loader_path/Frameworks";
				PRODUCT_NAME = "$(TARGET_NAME)";
				TEST_HOST = "$(BUILT_PRODUCTS_DIR)/BaseTableViewDemo.app/BaseTableViewDemo";
			};
			name = Release;
		};
/* End XCBuildConfiguration section */

/* Begin XCConfigurationList section */
		DA871FFE1A075C0000BC75FD /* Build configuration list for PBXProject "BaseTableViewDemo" */ = {
			isa = XCConfigurationList;
			buildConfigurations = (
				DA8720241A075C0100BC75FD /* Debug */,
				DA8720251A075C0100BC75FD /* Release */,
			);
			defaultConfigurationIsVisible = 0;
			defaultConfigurationName = Release;
		};
		DA8720261A075C0100BC75FD /* Build configuration list for PBXNativeTarget "BaseTableViewDemo" */ = {
			isa = XCConfigurationList;
			buildConfigurations = (
				DA8720271A075C0100BC75FD /* Debug */,
				DA8720281A075C0100BC75FD /* Release */,
			);
			defaultConfigurationIsVisible = 0;
			defaultConfigurationName = Release;
		};
		DA8720291A075C0100BC75FD /* Build configuration list for PBXNativeTarget "BaseTableViewDemoTests" */ = {
			isa = XCConfigurationList;
			buildConfigurations = (
				DA87202A1A075C0100BC75FD /* Debug */,
				DA87202B1A075C0100BC75FD /* Release */,
			);
			defaultConfigurationIsVisible = 0;
			defaultConfigurationName = Release;
		};
/* End XCConfigurationList section */
	};
	rootObject = DA871FFB1A075C0000BC75FD /* Project object */;
}
